
Microsoft Visual Studio Solution File, Format Version 12.00
# Visual Studio Version 16
VisualStudioVersion = 16.0.31702.278
MinimumVisualStudioVersion = 10.0.40219.1
Project("{9A19103F-16F7-4668-BE54-9A1E7A4F7556}") = "SettingsTextFile", "SettingsTextFile\SettingsTextFile.csproj", "{B3516A05-9242-4E48-857E-8F9C8289ED5A}"
EndProject
Project("{9A19103F-16F7-4668-BE54-9A1E7A4F7556}") = "SettingsTextFileConsole", "SettingsTextFileConsole\SettingsTextFileConsole.csproj", "{B8121D1A-C9F7-4669-BF5A-C54DBB16F053}"
EndProject
Project("{2150E333-8FDC-42A3-9474-1A3956D46DE8}") = "Solution Items", "Solution Items", "{833A67D8-CB06-4565-B819-6A725856A49C}"
	ProjectSection(SolutionItems) = preProject
		.gitignore = .gitignore
		.github\workflows\dotnet.yml = .github\workflows\dotnet.yml
		.github\workflows\dotnetcore.yml = .github\workflows\dotnetcore.yml
		LICENSE.md = LICENSE.md
		README.md = README.md
	EndProjectSection
EndProject
Project("{9A19103F-16F7-4668-BE54-9A1E7A4F7556}") = "SettingsTextFileTest", "SettingsTextFileTest\SettingsTextFileTest.csproj", "{65E12FAA-7EF0-4171-A996-97AA029FDBA7}"
EndProject
Global
	GlobalSection(SolutionConfigurationPlatforms) = preSolution
		Debug|Any CPU = Debug|Any CPU
		Release|Any CPU = Release|Any CPU
	EndGlobalSection
	GlobalSection(ProjectConfigurationPlatforms) = postSolution
		{B3516A05-9242-4E48-857E-8F9C8289ED5A}.Debug|Any CPU.ActiveCfg = Debug|Any CPU
		{B3516A05-9242-4E48-857E-8F9C8289ED5A}.Debug|Any CPU.Build.0 = Debug|Any CPU
		{B3516A05-9242-4E48-857E-8F9C8289ED5A}.Release|Any CPU.ActiveCfg = Release|Any CPU
		{B3516A05-9242-4E48-857E-8F9C8289ED5A}.Release|Any CPU.Build.0 = Release|Any CPU
		{B8121D1A-C9F7-4669-BF5A-C54DBB16F053}.Debug|Any CPU.ActiveCfg = Debug|Any CPU
		{B8121D1A-C9F7-4669-BF5A-C54DBB16F053}.Debug|Any CPU.Build.0 = Debug|Any CPU
		{B8121D1A-C9F7-4669-BF5A-C54DBB16F053}.Release|Any CPU.ActiveCfg = Release|Any CPU
		{B8121D1A-C9F7-4669-BF5A-C54DBB16F053}.Release|Any CPU.Build.0 = Release|Any CPU
		{65E12FAA-7EF0-4171-A996-97AA029FDBA7}.Debug|Any CPU.ActiveCfg = Debug|Any CPU
		{65E12FAA-7EF0-4171-A996-97AA029FDBA7}.Debug|Any CPU.Build.0 = Debug|Any CPU
		{65E12FAA-7EF0-4171-A996-97AA029FDBA7}.Release|Any CPU.ActiveCfg = Release|Any CPU
		{65E12FAA-7EF0-4171-A996-97AA029FDBA7}.Release|Any CPU.Build.0 = Release|Any CPU
	EndGlobalSection
	GlobalSection(SolutionProperties) = preSolution
		HideSolutionNode = FALSE
	EndGlobalSection
	GlobalSection(ExtensibilityGlobals) = postSolution
		SolutionGuid = {2929CF8E-CEBE-4017-A99A-21EFA22ADABB}
	EndGlobalSection
EndGlobal
